
Microsoft Visual Studio Solution File, Format Version 12.00
# Visual Studio Version 16
VisualStudioVersion = 16.0.29411.108
MinimumVisualStudioVersion = 10.0.40219.1
Project("{2150E333-8FDC-42A3-9474-1A3956D46DE8}") = "USOpen", "USOpen", "{D6B51622-0A4B-40DB-AAB4-65DF0C14ACBB}"
EndProject
Project("{8BC9CEB8-8B4A-11D0-8D11-00A0C91BC942}") = "USOpenBrozen01", "USOpenBrozen01\USOpenBrozen01.vcxproj", "{DE046B5D-CD90-4696-A45A-1095AB64F31A}"
EndProject
Project("{8BC9CEB8-8B4A-11D0-8D11-00A0C91BC942}") = "USOpenBrozen02", "USOpenBrozen02\USOpenBrozen02.vcxproj", "{E6390400-BA7D-4E33-AD2B-F8D2A6D11382}"
EndProject
Project("{8BC9CEB8-8B4A-11D0-8D11-00A0C91BC942}") = "USOpenBrozen03", "USOpenBrozen03\USOpenBrozen03.vcxproj", "{048FDECA-0F22-433D-B972-34D4B4676340}"
EndProject
Project("{2150E333-8FDC-42A3-9474-1A3956D46DE8}") = "2018Dec", "2018Dec", "{12F4B25C-CDE3-4A7A-9B6A-C5EFD1B87A25}"
EndProject
Project("{8BC9CEB8-8B4A-11D0-8D11-00A0C91BC942}") = "DecBronze01", "DecBrozen01\DecBrozen01.vcxproj", "{29B64727-A3E1-497B-AAB2-F3F385B48B82}"
EndProject
Project("{8BC9CEB8-8B4A-11D0-8D11-00A0C91BC942}") = "DecBronze02", "DecBronze02\DecBronze02.vcxproj", "{567FA48F-62C6-47C6-B76A-D286B8E8869C}"
EndProject
Project("{8BC9CEB8-8B4A-11D0-8D11-00A0C91BC942}") = "DecBronze03", "DecBronze03\DecBronze03.vcxproj", "{EEE69334-7A06-475B-AB3B-1894375B6A15}"
EndProject
Project("{8BC9CEB8-8B4A-11D0-8D11-00A0C91BC942}") = "DecSilver01", "DecSilver01\DecSilver01.vcxproj", "{7B707141-5A9B-46F4-B312-BF5461ABA601}"
EndProject
Project("{8BC9CEB8-8B4A-11D0-8D11-00A0C91BC942}") = "DecSilver02", "DecSilver02\DecSilver02.vcxproj", "{542D438A-7AFA-46DD-925D-8F6676117BCC}"
EndProject
Project("{8BC9CEB8-8B4A-11D0-8D11-00A0C91BC942}") = "DecSilver03", "DecSilver03\DecSilver03.vcxproj", "{B3BA5BD3-DD28-47F2-99C1-56771F8054A6}"
EndProject
Project("{2150E333-8FDC-42A3-9474-1A3956D46DE8}") = "2019Jan", "2019Jan", "{71B0D442-555D-429D-8A13-D55CA20E0CAE}"
EndProject
Project("{8BC9CEB8-8B4A-11D0-8D11-00A0C91BC942}") = "JanSilver01", "JanSilver01\JanSilver01.vcxproj", "{559EBD0B-6677-426D-A140-D00CDA33D6E4}"
EndProject
Project("{8BC9CEB8-8B4A-11D0-8D11-00A0C91BC942}") = "JanSilver02", "JanSilver02\JanSilver02.vcxproj", "{A214C7A9-C45A-4F7E-AAC1-87CEF7FCEB3A}"
EndProject
Project("{8BC9CEB8-8B4A-11D0-8D11-00A0C91BC942}") = "JanSilver03", "JanSilver03\JanSilver03.vcxproj", "{5FEE6E3B-EB81-4D1D-B809-E2271C25D895}"
EndProject
Global
	GlobalSection(SolutionConfigurationPlatforms) = preSolution
		Debug|x64 = Debug|x64
		Debug|x86 = Debug|x86
		Release|x64 = Release|x64
		Release|x86 = Release|x86
	EndGlobalSection
	GlobalSection(ProjectConfigurationPlatforms) = postSolution
		{DE046B5D-CD90-4696-A45A-1095AB64F31A}.Debug|x64.ActiveCfg = Debug|x64
		{DE046B5D-CD90-4696-A45A-1095AB64F31A}.Debug|x64.Build.0 = Debug|x64
		{DE046B5D-CD90-4696-A45A-1095AB64F31A}.Debug|x86.ActiveCfg = Debug|Win32
		{DE046B5D-CD90-4696-A45A-1095AB64F31A}.Debug|x86.Build.0 = Debug|Win32
		{DE046B5D-CD90-4696-A45A-1095AB64F31A}.Release|x64.ActiveCfg = Release|x64
		{DE046B5D-CD90-4696-A45A-1095AB64F31A}.Release|x64.Build.0 = Release|x64
		{DE046B5D-CD90-4696-A45A-1095AB64F31A}.Release|x86.ActiveCfg = Release|Win32
		{DE046B5D-CD90-4696-A45A-1095AB64F31A}.Release|x86.Build.0 = Release|Win32
		{E6390400-BA7D-4E33-AD2B-F8D2A6D11382}.Debug|x64.ActiveCfg = Debug|x64
		{E6390400-BA7D-4E33-AD2B-F8D2A6D11382}.Debug|x64.Build.0 = Debug|x64
		{E6390400-BA7D-4E33-AD2B-F8D2A6D11382}.Debug|x86.ActiveCfg = Debug|Win32
		{E6390400-BA7D-4E33-AD2B-F8D2A6D11382}.Debug|x86.Build.0 = Debug|Win32
		{E6390400-BA7D-4E33-AD2B-F8D2A6D11382}.Release|x64.ActiveCfg = Release|x64
		{E6390400-BA7D-4E33-AD2B-F8D2A6D11382}.Release|x64.Build.0 = Release|x64
		{E6390400-BA7D-4E33-AD2B-F8D2A6D11382}.Release|x86.ActiveCfg = Release|Win32
		{E6390400-BA7D-4E33-AD2B-F8D2A6D11382}.Release|x86.Build.0 = Release|Win32
		{048FDECA-0F22-433D-B972-34D4B4676340}.Debug|x64.ActiveCfg = Debug|x64
		{048FDECA-0F22-433D-B972-34D4B4676340}.Debug|x64.Build.0 = Debug|x64
		{048FDECA-0F22-433D-B972-34D4B4676340}.Debug|x86.ActiveCfg = Debug|Win32
		{048FDECA-0F22-433D-B972-34D4B4676340}.Debug|x86.Build.0 = Debug|Win32
		{048FDECA-0F22-433D-B972-34D4B4676340}.Release|x64.ActiveCfg = Release|x64
		{048FDECA-0F22-433D-B972-34D4B4676340}.Release|x64.Build.0 = Release|x64
		{048FDECA-0F22-433D-B972-34D4B4676340}.Release|x86.ActiveCfg = Release|Win32
		{048FDECA-0F22-433D-B972-34D4B4676340}.Release|x86.Build.0 = Release|Win32
		{29B64727-A3E1-497B-AAB2-F3F385B48B82}.Debug|x64.ActiveCfg = Debug|x64
		{29B64727-A3E1-497B-AAB2-F3F385B48B82}.Debug|x64.Build.0 = Debug|x64
		{29B64727-A3E1-497B-AAB2-F3F385B48B82}.Debug|x86.ActiveCfg = Debug|Win32
		{29B64727-A3E1-497B-AAB2-F3F385B48B82}.Debug|x86.Build.0 = Debug|Win32
		{29B64727-A3E1-497B-AAB2-F3F385B48B82}.Release|x64.ActiveCfg = Release|x64
		{29B64727-A3E1-497B-AAB2-F3F385B48B82}.Release|x64.Build.0 = Release|x64
		{29B64727-A3E1-497B-AAB2-F3F385B48B82}.Release|x86.ActiveCfg = Release|Win32
		{29B64727-A3E1-497B-AAB2-F3F385B48B82}.Release|x86.Build.0 = Release|Win32
		{567FA48F-62C6-47C6-B76A-D286B8E8869C}.Debug|x64.ActiveCfg = Debug|x64
		{567FA48F-62C6-47C6-B76A-D286B8E8869C}.Debug|x64.Build.0 = Debug|x64
		{567FA48F-62C6-47C6-B76A-D286B8E8869C}.Debug|x86.ActiveCfg = Debug|Win32
		{567FA48F-62C6-47C6-B76A-D286B8E8869C}.Debug|x86.Build.0 = Debug|Win32
		{567FA48F-62C6-47C6-B76A-D286B8E8869C}.Release|x64.ActiveCfg = Release|x64
		{567FA48F-62C6-47C6-B76A-D286B8E8869C}.Release|x64.Build.0 = Release|x64
		{567FA48F-62C6-47C6-B76A-D286B8E8869C}.Release|x86.ActiveCfg = Release|Win32
		{567FA48F-62C6-47C6-B76A-D286B8E8869C}.Release|x86.Build.0 = Release|Win32
		{EEE69334-7A06-475B-AB3B-1894375B6A15}.Debug|x64.ActiveCfg = Debug|x64
		{EEE69334-7A06-475B-AB3B-1894375B6A15}.Debug|x64.Build.0 = Debug|x64
		{EEE69334-7A06-475B-AB3B-1894375B6A15}.Debug|x86.ActiveCfg = Debug|Win32
		{EEE69334-7A06-475B-AB3B-1894375B6A15}.Debug|x86.Build.0 = Debug|Win32
		{EEE69334-7A06-475B-AB3B-1894375B6A15}.Release|x64.ActiveCfg = Release|x64
		{EEE69334-7A06-475B-AB3B-1894375B6A15}.Release|x64.Build.0 = Release|x64
		{EEE69334-7A06-475B-AB3B-1894375B6A15}.Release|x86.ActiveCfg = Release|Win32
		{EEE69334-7A06-475B-AB3B-1894375B6A15}.Release|x86.Build.0 = Release|Win32
		{7B707141-5A9B-46F4-B312-BF5461ABA601}.Debug|x64.ActiveCfg = Debug|x64
		{7B707141-5A9B-46F4-B312-BF5461ABA601}.Debug|x64.Build.0 = Debug|x64
		{7B707141-5A9B-46F4-B312-BF5461ABA601}.Debug|x86.ActiveCfg = Debug|Win32
		{7B707141-5A9B-46F4-B312-BF5461ABA601}.Debug|x86.Build.0 = Debug|Win32
		{7B707141-5A9B-46F4-B312-BF5461ABA601}.Release|x64.ActiveCfg = Release|x64
		{7B707141-5A9B-46F4-B312-BF5461ABA601}.Release|x64.Build.0 = Release|x64
		{7B707141-5A9B-46F4-B312-BF5461ABA601}.Release|x86.ActiveCfg = Release|Win32
		{7B707141-5A9B-46F4-B312-BF5461ABA601}.Release|x86.Build.0 = Release|Win32
		{542D438A-7AFA-46DD-925D-8F6676117BCC}.Debug|x64.ActiveCfg = Debug|x64
		{542D438A-7AFA-46DD-925D-8F6676117BCC}.Debug|x64.Build.0 = Debug|x64
		{542D438A-7AFA-46DD-925D-8F6676117BCC}.Debug|x86.ActiveCfg = Debug|Win32
		{542D438A-7AFA-46DD-925D-8F6676117BCC}.Debug|x86.Build.0 = Debug|Win32
		{542D438A-7AFA-46DD-925D-8F6676117BCC}.Release|x64.ActiveCfg = Release|x64
		{542D438A-7AFA-46DD-925D-8F6676117BCC}.Release|x64.Build.0 = Release|x64
		{542D438A-7AFA-46DD-925D-8F6676117BCC}.Release|x86.ActiveCfg = Release|Win32
		{542D438A-7AFA-46DD-925D-8F6676117BCC}.Release|x86.Build.0 = Release|Win32
		{B3BA5BD3-DD28-47F2-99C1-56771F8054A6}.Debug|x64.ActiveCfg = Debug|x64
		{B3BA5BD3-DD28-47F2-99C1-56771F8054A6}.Debug|x64.Build.0 = Debug|x64
		{B3BA5BD3-DD28-47F2-99C1-56771F8054A6}.Debug|x86.ActiveCfg = Debug|Win32
		{B3BA5BD3-DD28-47F2-99C1-56771F8054A6}.Debug|x86.Build.0 = Debug|Win32
		{B3BA5BD3-DD28-47F2-99C1-56771F8054A6}.Release|x64.ActiveCfg = Release|x64
		{B3BA5BD3-DD28-47F2-99C1-56771F8054A6}.Release|x64.Build.0 = Release|x64
		{B3BA5BD3-DD28-47F2-99C1-56771F8054A6}.Release|x86.ActiveCfg = Release|Win32
		{B3BA5BD3-DD28-47F2-99C1-56771F8054A6}.Release|x86.Build.0 = Release|Win32
		{559EBD0B-6677-426D-A140-D00CDA33D6E4}.Debug|x64.ActiveCfg = Debug|x64
		{559EBD0B-6677-426D-A140-D00CDA33D6E4}.Debug|x64.Build.0 = Debug|x64
		{559EBD0B-6677-426D-A140-D00CDA33D6E4}.Debug|x86.ActiveCfg = Debug|Win32
		{559EBD0B-6677-426D-A140-D00CDA33D6E4}.Debug|x86.Build.0 = Debug|Win32
		{559EBD0B-6677-426D-A140-D00CDA33D6E4}.Release|x64.ActiveCfg = Release|x64
		{559EBD0B-6677-426D-A140-D00CDA33D6E4}.Release|x64.Build.0 = Release|x64
		{559EBD0B-6677-426D-A140-D00CDA33D6E4}.Release|x86.ActiveCfg = Release|Win32
		{559EBD0B-6677-426D-A140-D00CDA33D6E4}.Release|x86.Build.0 = Release|Win32
		{A214C7A9-C45A-4F7E-AAC1-87CEF7FCEB3A}.Debug|x64.ActiveCfg = Debug|x64
		{A214C7A9-C45A-4F7E-AAC1-87CEF7FCEB3A}.Debug|x64.Build.0 = Debug|x64
		{A214C7A9-C45A-4F7E-AAC1-87CEF7FCEB3A}.Debug|x86.ActiveCfg = Debug|Win32
		{A214C7A9-C45A-4F7E-AAC1-87CEF7FCEB3A}.Debug|x86.Build.0 = Debug|Win32
		{A214C7A9-C45A-4F7E-AAC1-87CEF7FCEB3A}.Release|x64.ActiveCfg = Release|x64
		{A214C7A9-C45A-4F7E-AAC1-87CEF7FCEB3A}.Release|x64.Build.0 = Release|x64
		{A214C7A9-C45A-4F7E-AAC1-87CEF7FCEB3A}.Release|x86.ActiveCfg = Release|Win32
		{A214C7A9-C45A-4F7E-AAC1-87CEF7FCEB3A}.Release|x86.Build.0 = Release|Win32
		{5FEE6E3B-EB81-4D1D-B809-E2271C25D895}.Debug|x64.ActiveCfg = Debug|x64
		{5FEE6E3B-EB81-4D1D-B809-E2271C25D895}.Debug|x64.Build.0 = Debug|x64
		{5FEE6E3B-EB81-4D1D-B809-E2271C25D895}.Debug|x86.ActiveCfg = Debug|Win32
		{5FEE6E3B-EB81-4D1D-B809-E2271C25D895}.Debug|x86.Build.0 = Debug|Win32
		{5FEE6E3B-EB81-4D1D-B809-E2271C25D895}.Release|x64.ActiveCfg = Release|x64
		{5FEE6E3B-EB81-4D1D-B809-E2271C25D895}.Release|x64.Build.0 = Release|x64
		{5FEE6E3B-EB81-4D1D-B809-E2271C25D895}.Release|x86.ActiveCfg = Release|Win32
		{5FEE6E3B-EB81-4D1D-B809-E2271C25D895}.Release|x86.Build.0 = Release|Win32
	EndGlobalSection
	GlobalSection(SolutionProperties) = preSolution
		HideSolutionNode = FALSE
	EndGlobalSection
	GlobalSection(NestedProjects) = preSolution
		{DE046B5D-CD90-4696-A45A-1095AB64F31A} = {D6B51622-0A4B-40DB-AAB4-65DF0C14ACBB}
		{E6390400-BA7D-4E33-AD2B-F8D2A6D11382} = {D6B51622-0A4B-40DB-AAB4-65DF0C14ACBB}
		{048FDECA-0F22-433D-B972-34D4B4676340} = {D6B51622-0A4B-40DB-AAB4-65DF0C14ACBB}
		{29B64727-A3E1-497B-AAB2-F3F385B48B82} = {12F4B25C-CDE3-4A7A-9B6A-C5EFD1B87A25}
		{567FA48F-62C6-47C6-B76A-D286B8E8869C} = {12F4B25C-CDE3-4A7A-9B6A-C5EFD1B87A25}
		{EEE69334-7A06-475B-AB3B-1894375B6A15} = {12F4B25C-CDE3-4A7A-9B6A-C5EFD1B87A25}
		{7B707141-5A9B-46F4-B312-BF5461ABA601} = {12F4B25C-CDE3-4A7A-9B6A-C5EFD1B87A25}
		{542D438A-7AFA-46DD-925D-8F6676117BCC} = {12F4B25C-CDE3-4A7A-9B6A-C5EFD1B87A25}
		{B3BA5BD3-DD28-47F2-99C1-56771F8054A6} = {12F4B25C-CDE3-4A7A-9B6A-C5EFD1B87A25}
		{559EBD0B-6677-426D-A140-D00CDA33D6E4} = {71B0D442-555D-429D-8A13-D55CA20E0CAE}
		{A214C7A9-C45A-4F7E-AAC1-87CEF7FCEB3A} = {71B0D442-555D-429D-8A13-D55CA20E0CAE}
		{5FEE6E3B-EB81-4D1D-B809-E2271C25D895} = {71B0D442-555D-429D-8A13-D55CA20E0CAE}
	EndGlobalSection
	GlobalSection(ExtensibilityGlobals) = postSolution
		SolutionGuid = {337CC1D0-059B-4C94-9093-EBAF67E99D80}
	EndGlobalSection
EndGlobal
